{
    "name": "node_1_nadzeya",
    "version": "1.0.0",
    "lockfileVersion": 3,
    "requires": true,
    "packages": {
        "": {
            "name": "node_1_nadzeya",
            "version": "1.0.0",
            "dependencies": {
                "node_1_pack_no": "^0.0.0"
            }
        },
        "node_modules/node_1_pack_no": {
            "version": "0.0.0",
            "resolved": "https://registry.npmjs.org/node_1_pack_no/-/node_1_pack_no-0.0.0.tgz",
            "integrity": "sha512-SwetRe9tz/1oSmp14IyT1kikxEm/Pg7Geo1R3M8TQhv9uGzVHZ6jJxpySZEJmaN+a+XvhWmHMylb9ER24TMDxA=="
        }
    }
}
