{
    "name": "node_1_nadzeya",
    "version": "1.0.0",
    "lockfileVersion": 3,
    "requires": true,
    "packages": {
        "": {
            "name": "node_1_nadzeya",
            "version": "1.0.0",
            "dependencies": {
                "node_1_pack_nadzeya": "^1.0.0"
            }
        },
        "node_modules/node_1_pack_nadzeya": {
            "version": "1.0.0",
            "resolved": "https://registry.npmjs.org/node_1_pack_nadzeya/-/node_1_pack_nadzeya-1.0.0.tgz",
            "integrity": "sha512-LjoWDNNB/7F3A10D2dZSeuaexhCwW947SlVTfNusu5CYCnXmQzn9GG/Q82OS+6MeM//3p4s1RubVtYD+1SDUbQ=="
        }
    }
}
